// !$*UTF8*$!
{
	archiveVersion = 1;
	classes = {
	};
	objectVersion = 50;
	objects = {

/* Begin PBXBuildFile section */
		3F1580CD21C4A88C00BEFC19 /* SecondTableViewController.swift in Sources */ = {isa = PBXBuildFile; fileRef = 3F1580CC21C4A88C00BEFC19 /* SecondTableViewController.swift */; };
		3F1580CF21C4AA2600BEFC19 /* SearchViewController.swift in Sources */ = {isa = PBXBuildFile; fileRef = 3F1580CE21C4AA2600BEFC19 /* SearchViewController.swift */; };
		3FCE71CA21C49F1600C21972 /* AppDelegate.swift in Sources */ = {isa = PBXBuildFile; fileRef = 3FCE71C921C49F1600C21972 /* AppDelegate.swift */; };
		3FCE71CC21C49F1600C21972 /* FirstViewController.swift in Sources */ = {isa = PBXBuildFile; fileRef = 3FCE71CB21C49F1600C21972 /* FirstViewController.swift */; };
		3FCE71CF21C49F1600C21972 /* Main.storyboard in Resources */ = {isa = PBXBuildFile; fileRef = 3FCE71CD21C49F1600C21972 /* Main.storyboard */; };
		3FCE71D221C49F1600C21972 /* personCoredata.xcdatamodeld in Sources */ = {isa = PBXBuildFile; fileRef = 3FCE71D021C49F1600C21972 /* personCoredata.xcdatamodeld */; };
		3FCE71D421C49F1700C21972 /* Assets.xcassets in Resources */ = {isa = PBXBuildFile; fileRef = 3FCE71D321C49F1700C21972 /* Assets.xcassets */; };
		3FCE71D721C49F1700C21972 /* LaunchScreen.storyboard in Resources */ = {isa = PBXBuildFile; fileRef = 3FCE71D521C49F1700C21972 /* LaunchScreen.storyboard */; };
/* End PBXBuildFile section */

/* Begin PBXFileReference section */
		3F1580CC21C4A88C00BEFC19 /* SecondTableViewController.swift */ = {isa = PBXFileReference; lastKnownFileType = sourcecode.swift; path = SecondTableViewController.swift; sourceTree = "<group>"; };
		3F1580CE21C4AA2600BEFC19 /* SearchViewController.swift */ = {isa = PBXFileReference; lastKnownFileType = sourcecode.swift; path = SearchViewController.swift; sourceTree = "<group>"; };
		3FCE71C621C49F1600C21972 /* personCoredata.app */ = {isa = PBXFileReference; explicitFileType = wrapper.application; includeInIndex = 0; path = personCoredata.app; sourceTree = BUILT_PRODUCTS_DIR; };
		3FCE71C921C49F1600C21972 /* AppDelegate.swift */ = {isa = PBXFileReference; lastKnownFileType = sourcecode.swift; path = AppDelegate.swift; sourceTree = "<group>"; };
		3FCE71CB21C49F1600C21972 /* FirstViewController.swift */ = {isa = PBXFileReference; lastKnownFileType = sourcecode.swift; path = FirstViewController.swift; sourceTree = "<group>"; };
		3FCE71CE21C49F1600C21972 /* Base */ = {isa = PBXFileReference; lastKnownFileType = file.storyboard; name = Base; path = Base.lproj/Main.storyboard; sourceTree = "<group>"; };
		3FCE71D121C49F1600C21972 /* personCoredata.xcdatamodel */ = {isa = PBXFileReference; lastKnownFileType = wrapper.xcdatamodel; path = personCoredata.xcdatamodel; sourceTree = "<group>"; };
		3FCE71D321C49F1700C21972 /* Assets.xcassets */ = {isa = PBXFileReference; lastKnownFileType = folder.assetcatalog; path = Assets.xcassets; sourceTree = "<group>"; };
		3FCE71D621C49F1700C21972 /* Base */ = {isa = PBXFileReference; lastKnownFileType = file.storyboard; name = Base; path = Base.lproj/LaunchScreen.storyboard; sourceTree = "<group>"; };
		3FCE71D821C49F1700C21972 /* Info.plist */ = {isa = PBXFileReference; lastKnownFileType = text.plist.xml; path = Info.plist; sourceTree = "<group>"; };
/* End PBXFileReference section */

/* Begin PBXFrameworksBuildPhase section */
		3FCE71C321C49F1600C21972 /* Frameworks */ = {
			isa = PBXFrameworksBuildPhase;
			buildActionMask = 2147483647;
			files = (
			);
			runOnlyForDeploymentPostprocessing = 0;
		};
/* End PBXFrameworksBuildPhase section */

/* Begin PBXGroup section */
		3FCE71BD21C49F1600C21972 = {
			isa = PBXGroup;
			children = (
				3FCE71C821C49F1600C21972 /* personCoredata */,
				3FCE71C721C49F1600C21972 /* Products */,
			);
			sourceTree = "<group>";
		};
		3FCE71C721C49F1600C21972 /* Products */ = {
			isa = PBXGroup;
			children = (
				3FCE71C621C49F1600C21972 /* personCoredata.app */,
			);
			name = Products;
			sourceTree = "<group>";
		};
		3FCE71C821C49F1600C21972 /* personCoredata */ = {
			isa = PBXGroup;
			children = (
				3FCE71C921C49F1600C21972 /* AppDelegate.swift */,
				3FCE71CB21C49F1600C21972 /* FirstViewController.swift */,
				3FCE71CD21C49F1600C21972 /* Main.storyboard */,
				3F1580CE21C4AA2600BEFC19 /* SearchViewController.swift */,
				3F1580CC21C4A88C00BEFC19 /* SecondTableViewController.swift */,
				3FCE71D321C49F1700C21972 /* Assets.xcassets */,
				3FCE71D521C49F1700C21972 /* LaunchScreen.storyboard */,
				3FCE71D821C49F1700C21972 /* Info.plist */,
				3FCE71D021C49F1600C21972 /* personCoredata.xcdatamodeld */,
			);
			path = personCoredata;
			sourceTree = "<group>";
		};
/* End PBXGroup section */

/* Begin PBXNativeTarget section */
		3FCE71C521C49F1600C21972 /* personCoredata */ = {
			isa = PBXNativeTarget;
			buildConfigurationList = 3FCE71DB21C49F1700C21972 /* Build configuration list for PBXNativeTarget "personCoredata" */;
			buildPhases = (
				3FCE71C221C49F1600C21972 /* Sources */,
				3FCE71C321C49F1600C21972 /* Frameworks */,
				3FCE71C421C49F1600C21972 /* Resources */,
			);
			buildRules = (
			);
			dependencies = (
			);
			name = personCoredata;
			productName = personCoredata;
			productReference = 3FCE71C621C49F1600C21972 /* personCoredata.app */;
			productType = "com.apple.product-type.application";
		};
/* End PBXNativeTarget section */

/* Begin PBXProject section */
		3FCE71BE21C49F1600C21972 /* Project object */ = {
			isa = PBXProject;
			attributes = {
				LastSwiftUpdateCheck = 0940;
				LastUpgradeCheck = 0940;
				ORGANIZATIONNAME = qiuyue;
				TargetAttributes = {
					3FCE71C521C49F1600C21972 = {
						CreatedOnToolsVersion = 9.4.1;
					};
				};
			};
			buildConfigurationList = 3FCE71C121C49F1600C21972 /* Build configuration list for PBXProject "personCoredata" */;
			compatibilityVersion = "Xcode 9.3";
			developmentRegion = en;
			hasScannedForEncodings = 0;
			knownRegions = (
				en,
				Base,
			);
			mainGroup = 3FCE71BD21C49F1600C21972;
			productRefGroup = 3FCE71C721C49F1600C21972 /* Products */;
			projectDirPath = "";
			projectRoot = "";
			targets = (
				3FCE71C521C49F1600C21972 /* personCoredata */,
			);
		};
/* End PBXProject section */

/* Begin PBXResourcesBuildPhase section */
		3FCE71C421C49F1600C21972 /* Resources */ = {
			isa = PBXResourcesBuildPhase;
			buildActionMask = 2147483647;
			files = (
				3FCE71D721C49F1700C21972 /* LaunchScreen.storyboard in Resources */,
				3FCE71D421C49F1700C21972 /* Assets.xcassets in Resources */,
				3FCE71CF21C49F1600C21972 /* Main.storyboard in Resources */,
			);
			runOnlyForDeploymentPostprocessing = 0;
		};
/* End PBXResourcesBuildPhase section */

/* Begin PBXSourcesBuildPhase section */
		3FCE71C221C49F1600C21972 /* Sources */ = {
			isa = PBXSourcesBuildPhase;
			buildActionMask = 2147483647;
			files = (
				3F1580CF21C4AA2600BEFC19 /* SearchViewController.swift in Sources */,
				3FCE71CC21C49F1600C21972 /* FirstViewController.swift in Sources */,
				3F1580CD21C4A88C00BEFC19 /* SecondTableViewController.swift in Sources */,
				3FCE71CA21C49F1600C21972 /* AppDelegate.swift in Sources */,
				3FCE71D221C49F1600C21972 /* personCoredata.xcdatamodeld in Sources */,
			);
			runOnlyForDeploymentPostprocessing = 0;
		};
/* End PBXSourcesBuildPhase section */

/* Begin PBXVariantGroup section */
		3FCE71CD21C49F1600C21972 /* Main.storyboard */ = {
			isa = PBXVariantGroup;
			children = (
				3FCE71CE21C49F1600C21972 /* Base */,
			);
			name = Main.storyboard;
			sourceTree = "<group>";
		};
		3FCE71D521C49F1700C21972 /* LaunchScreen.storyboard */ = {
			isa = PBXVariantGroup;
			children = (
				3FCE71D621C49F1700C21972 /* Base */,
			);
			name = LaunchScreen.storyboard;
			sourceTree = "<group>";
		};
/* End PBXVariantGroup section */

/* Begin XCBuildConfiguration section */
		3FCE71D921C49F1700C21972 /* Debug */ = {
			isa = XCBuildConfiguration;
			buildSettings = {
				ALWAYS_SEARCH_USER_PATHS = NO;
				CLANG_ANALYZER_NONNULL = YES;
				CLANG_ANALYZER_NUMBER_OBJECT_CONVERSION = YES_AGGRESSIVE;
				CLANG_CXX_LANGUAGE_STANDARD = "gnu++14";
				CLANG_CXX_LIBRARY = "libc++";
				CLANG_ENABLE_MODULES = YES;
				CLANG_ENABLE_OBJC_ARC = YES;
				CLANG_ENABLE_OBJC_WEAK = YES;
				CLANG_WARN_BLOCK_CAPTURE_AUTORELEASING = YES;
				CLANG_WARN_BOOL_CONVERSION = YES;
				CLANG_WARN_COMMA = YES;
				CLANG_WARN_CONSTANT_CONVERSION = YES;
				CLANG_WARN_DEPRECATED_OBJC_IMPLEMENTATIONS = YES;
				CLANG_WARN_DIRECT_OBJC_ISA_USAGE = YES_ERROR;
				CLANG_WARN_DOCUMENTATION_COMMENTS = YES;
				CLANG_WARN_EMPTY_BODY = YES;
				CLANG_WARN_ENUM_CONVERSION = YES;
				CLANG_WARN_INFINITE_RECURSION = YES;
				CLANG_WARN_INT_CONVERSION = YES;
				CLANG_WARN_NON_LITERAL_NULL_CONVERSION = YES;
				CLANG_WARN_OBJC_IMPLICIT_RETAIN_SELF = YES;
				CLANG_WARN_OBJC_LITERAL_CONVERSION = YES;
				CLANG_WARN_OBJC_ROOT_CLASS = YES_ERROR;
				CLANG_WARN_RANGE_LOOP_ANALYSIS = YES;
				CLANG_WARN_STRICT_PROTOTYPES = YES;
				CLANG_WARN_SUSPICIOUS_MOVE = YES;
				CLANG_WARN_UNGUARDED_AVAILABILITY = YES_AGGRESSIVE;
				CLANG_WARN_UNREACHABLE_CODE = YES;
				CLANG_WARN__DUPLICATE_METHOD_MATCH = YES;
				CODE_SIGN_IDENTITY = "iPhone Developer";
				COPY_PHASE_STRIP = NO;
				DEBUG_INFORMATION_FORMAT = dwarf;
				ENABLE_STRICT_OBJC_MSGSEND = YES;
				ENABLE_TESTABILITY = YES;
				GCC_C_LANGUAGE_STANDARD = gnu11;
				GCC_DYNAMIC_NO_PIC = NO;
				GCC_NO_COMMON_BLOCKS = YES;
				GCC_OPTIMIZATION_LEVEL = 0;
				GCC_PREPROCESSOR_DEFINITIONS = (
					"DEBUG=1",
					"$(inherited)",
				);
				GCC_WARN_64_TO_32_BIT_CONVERSION = YES;
				GCC_WARN_ABOUT_RETURN_TYPE = YES_ERROR;
				GCC_WARN_UNDECLARED_SELECTOR = YES;
				GCC_WARN_UNINITIALIZED_AUTOS = YES_AGGRESSIVE;
				GCC_WARN_UNUSED_FUNCTION = YES;
				GCC_WARN_UNUSED_VARIABLE = YES;
				IPHONEOS_DEPLOYMENT_TARGET = 11.4;
				MTL_ENABLE_DEBUG_INFO = YES;
				ONLY_ACTIVE_ARCH = YES;
				SDKROOT = iphoneos;
				SWIFT_ACTIVE_COMPILATION_CONDITIONS = DEBUG;
				SWIFT_OPTIMIZATION_LEVEL = "-Onone";
			};
			name = Debug;
		};
		3FCE71DA21C49F1700C21972 /* Release */ = {
			isa = XCBuildConfiguration;
			buildSettings = {
				ALWAYS_SEARCH_USER_PATHS = NO;
				CLANG_ANALYZER_NONNULL = YES;
				CLANG_ANALYZER_NUMBER_OBJECT_CONVERSION = YES_AGGRESSIVE;
				CLANG_CXX_LANGUAGE_STANDARD = "gnu++14";
				CLANG_CXX_LIBRARY = "libc++";
				CLANG_ENABLE_MODULES = YES;
				CLANG_ENABLE_OBJC_ARC = YES;
				CLANG_ENABLE_OBJC_WEAK = YES;
				CLANG_WARN_BLOCK_CAPTURE_AUTORELEASING = YES;
				CLANG_WARN_BOOL_CONVERSION = YES;
				CLANG_WARN_COMMA = YES;
				CLANG_WARN_CONSTANT_CONVERSION = YES;
				CLANG_WARN_DEPRECATED_OBJC_IMPLEMENTATIONS = YES;
				CLANG_WARN_DIRECT_OBJC_ISA_USAGE = YES_ERROR;
				CLANG_WARN_DOCUMENTATION_COMMENTS = YES;
				CLANG_WARN_EMPTY_BODY = YES;
				CLANG_WARN_ENUM_CONVERSION = YES;
				CLANG_WARN_INFINITE_RECURSION = YES;
				CLANG_WARN_INT_CONVERSION = YES;
				CLANG_WARN_NON_LITERAL_NULL_CONVERSION = YES;
				CLANG_WARN_OBJC_IMPLICIT_RETAIN_SELF = YES;
				CLANG_WARN_OBJC_LITERAL_CONVERSION = YES;
				CLANG_WARN_OBJC_ROOT_CLASS = YES_ERROR;
				CLANG_WARN_RANGE_LOOP_ANALYSIS = YES;
				CLANG_WARN_STRICT_PROTOTYPES = YES;
				CLANG_WARN_SUSPICIOUS_MOVE = YES;
				CLANG_WARN_UNGUARDED_AVAILABILITY = YES_AGGRESSIVE;
				CLANG_WARN_UNREACHABLE_CODE = YES;
				CLANG_WARN__DUPLICATE_METHOD_MATCH = YES;
				CODE_SIGN_IDENTITY = "iPhone Developer";
				COPY_PHASE_STRIP = NO;
				DEBUG_INFORMATION_FORMAT = "dwarf-with-dsym";
				ENABLE_NS_ASSERTIONS = NO;
				ENABLE_STRICT_OBJC_MSGSEND = YES;
				GCC_C_LANGUAGE_STANDARD = gnu11;
				GCC_NO_COMMON_BLOCKS = YES;
				GCC_WARN_64_TO_32_BIT_CONVERSION = YES;
				GCC_WARN_ABOUT_RETURN_TYPE = YES_ERROR;
				GCC_WARN_UNDECLARED_SELECTOR = YES;
				GCC_WARN_UNINITIALIZED_AUTOS = YES_AGGRESSIVE;
				GCC_WARN_UNUSED_FUNCTION = YES;
				GCC_WARN_UNUSED_VARIABLE = YES;
				IPHONEOS_DEPLOYMENT_TARGET = 11.4;
				MTL_ENABLE_DEBUG_INFO = NO;
				SDKROOT = iphoneos;
				SWIFT_COMPILATION_MODE = wholemodule;
				SWIFT_OPTIMIZATION_LEVEL = "-O";
				VALIDATE_PRODUCT = YES;
			};
			name = Release;
		};
		3FCE71DC21C49F1700C21972 /* Debug */ = {
			isa = XCBuildConfiguration;
			buildSettings = {
				ASSETCATALOG_COMPILER_APPICON_NAME = AppIcon;
				CODE_SIGN_STYLE = Automatic;
				INFOPLIST_FILE = personCoredata/Info.plist;
				LD_RUNPATH_SEARCH_PATHS = (
					"$(inherited)",
					"@executable_path/Frameworks",
				);
				PRODUCT_BUNDLE_IDENTIFIER = "-016110330.personCoredata";
				PRODUCT_NAME = "$(TARGET_NAME)";
				SWIFT_VERSION = 4.0;
				TARGETED_DEVICE_FAMILY = "1,2";
			};
			name = Debug;
		};
		3FCE71DD21C49F1700C21972 /* Release */ = {
			isa = XCBuildConfiguration;
			buildSettings = {
				ASSETCATALOG_COMPILER_APPICON_NAME = AppIcon;
				CODE_SIGN_STYLE = Automatic;
				INFOPLIST_FILE = personCoredata/Info.plist;
				LD_RUNPATH_SEARCH_PATHS = (
					"$(inherited)",
					"@executable_path/Frameworks",
				);
				PRODUCT_BUNDLE_IDENTIFIER = "-016110330.personCoredata";
				PRODUCT_NAME = "$(TARGET_NAME)";
				SWIFT_VERSION = 4.0;
				TARGETED_DEVICE_FAMILY = "1,2";
			};
			name = Release;
		};
/* End XCBuildConfiguration section */

/* Begin XCConfigurationList section */
		3FCE71C121C49F1600C21972 /* Build configuration list for PBXProject "personCoredata" */ = {
			isa = XCConfigurationList;
			buildConfigurations = (
				3FCE71D921C49F1700C21972 /* Debug */,
				3FCE71DA21C49F1700C21972 /* Release */,
			);
			defaultConfigurationIsVisible = 0;
			defaultConfigurationName = Release;
		};
		3FCE71DB21C49F1700C21972 /* Build configuration list for PBXNativeTarget "personCoredata" */ = {
			isa = XCConfigurationList;
			buildConfigurations = (
				3FCE71DC21C49F1700C21972 /* Debug */,
				3FCE71DD21C49F1700C21972 /* Release */,
			);
			defaultConfigurationIsVisible = 0;
			defaultConfigurationName = Release;
		};
/* End XCConfigurationList section */

/* Begin XCVersionGroup section */
		3FCE71D021C49F1600C21972 /* personCoredata.xcdatamodeld */ = {
			isa = XCVersionGroup;
			children = (
				3FCE71D121C49F1600C21972 /* personCoredata.xcdatamodel */,
			);
			currentVersion = 3FCE71D121C49F1600C21972 /* personCoredata.xcdatamodel */;
			path = personCoredata.xcdatamodeld;
			sourceTree = "<group>";
			versionGroupType = wrapper.xcdatamodel;
		};
/* End XCVersionGroup section */
	};
	rootObject = 3FCE71BE21C49F1600C21972 /* Project object */;
}
